
Microsoft Visual Studio Solution File, Format Version 12.00
# Visual Studio Version 16
VisualStudioVersion = 16.0.29306.81
MinimumVisualStudioVersion = 10.0.40219.1
Project("{9A19103F-16F7-4668-BE54-9A1E7A4F7556}") = "WebAppOne", "WebAppOne\WebAppOne.csproj", "{4A33B81B-9AF7-4B39-A888-FF4783308F5E}"
EndProject
Project("{FAE04EC0-301F-11D3-BF4B-00C04F79EFBC}") = "WebAppTwo", "WebAppTwo\WebAppTwo.csproj", "{5B7EBBB9-2C6A-4B62-829D-20E602EC1E2F}"
EndProject
Project("{FAE04EC0-301F-11D3-BF4B-00C04F79EFBC}") = "WebApiOne", "WebApiOne\WebApiOne.csproj", "{BBD25E1A-C35F-432C-8818-872C1ADAC9CD}"
EndProject
Project("{FAE04EC0-301F-11D3-BF4B-00C04F79EFBC}") = "MyWebApiTwo", "MyWebApiTwo\MyWebApiTwo.csproj", "{F35BD472-C22E-4E32-9251-A677AFBC7196}"
EndProject
Project("{FAE04EC0-301F-11D3-BF4B-00C04F79EFBC}") = "WebAppCandle", "WebAppCandle\WebAppCandle.csproj", "{84E671B8-5ECF-45A8-AE27-EC9B4D746E70}"
EndProject
Global
	GlobalSection(SolutionConfigurationPlatforms) = preSolution
		Debug|Any CPU = Debug|Any CPU
		Release|Any CPU = Release|Any CPU
	EndGlobalSection
	GlobalSection(ProjectConfigurationPlatforms) = postSolution
		{4A33B81B-9AF7-4B39-A888-FF4783308F5E}.Debug|Any CPU.ActiveCfg = Debug|Any CPU
		{4A33B81B-9AF7-4B39-A888-FF4783308F5E}.Debug|Any CPU.Build.0 = Debug|Any CPU
		{4A33B81B-9AF7-4B39-A888-FF4783308F5E}.Release|Any CPU.ActiveCfg = Release|Any CPU
		{4A33B81B-9AF7-4B39-A888-FF4783308F5E}.Release|Any CPU.Build.0 = Release|Any CPU
		{5B7EBBB9-2C6A-4B62-829D-20E602EC1E2F}.Debug|Any CPU.ActiveCfg = Debug|Any CPU
		{5B7EBBB9-2C6A-4B62-829D-20E602EC1E2F}.Debug|Any CPU.Build.0 = Debug|Any CPU
		{5B7EBBB9-2C6A-4B62-829D-20E602EC1E2F}.Release|Any CPU.ActiveCfg = Release|Any CPU
		{5B7EBBB9-2C6A-4B62-829D-20E602EC1E2F}.Release|Any CPU.Build.0 = Release|Any CPU
		{BBD25E1A-C35F-432C-8818-872C1ADAC9CD}.Debug|Any CPU.ActiveCfg = Debug|Any CPU
		{BBD25E1A-C35F-432C-8818-872C1ADAC9CD}.Debug|Any CPU.Build.0 = Debug|Any CPU
		{BBD25E1A-C35F-432C-8818-872C1ADAC9CD}.Release|Any CPU.ActiveCfg = Release|Any CPU
		{BBD25E1A-C35F-432C-8818-872C1ADAC9CD}.Release|Any CPU.Build.0 = Release|Any CPU
		{F35BD472-C22E-4E32-9251-A677AFBC7196}.Debug|Any CPU.ActiveCfg = Debug|Any CPU
		{F35BD472-C22E-4E32-9251-A677AFBC7196}.Debug|Any CPU.Build.0 = Debug|Any CPU
		{F35BD472-C22E-4E32-9251-A677AFBC7196}.Release|Any CPU.ActiveCfg = Release|Any CPU
		{F35BD472-C22E-4E32-9251-A677AFBC7196}.Release|Any CPU.Build.0 = Release|Any CPU
		{84E671B8-5ECF-45A8-AE27-EC9B4D746E70}.Debug|Any CPU.ActiveCfg = Debug|Any CPU
		{84E671B8-5ECF-45A8-AE27-EC9B4D746E70}.Debug|Any CPU.Build.0 = Debug|Any CPU
		{84E671B8-5ECF-45A8-AE27-EC9B4D746E70}.Release|Any CPU.ActiveCfg = Release|Any CPU
		{84E671B8-5ECF-45A8-AE27-EC9B4D746E70}.Release|Any CPU.Build.0 = Release|Any CPU
	EndGlobalSection
	GlobalSection(SolutionProperties) = preSolution
		HideSolutionNode = FALSE
	EndGlobalSection
	GlobalSection(ExtensibilityGlobals) = postSolution
		SolutionGuid = {72E2CE50-798A-4AA1-B6A7-B1FA16A63207}
	EndGlobalSection
EndGlobal
